
Microsoft Visual Studio Solution File, Format Version 12.00
# Visual Studio 2012
Project("{FAE04EC0-301F-11D3-BF4B-00C04F79EFBC}") = "Anagrams", "Anagrams\Anagrams.csproj", "{A4B09C04-DBB7-4E4E-9756-4650181928A5}"
EndProject
Project("{FAE04EC0-301F-11D3-BF4B-00C04F79EFBC}") = "Anagrams.Test", "Anagrams.Test\Anagrams.Test.csproj", "{007826FA-E0B5-44D1-A5A4-F5CE6A7A9C6F}"
EndProject
Global
	GlobalSection(SolutionConfigurationPlatforms) = preSolution
		Debug|Any CPU = Debug|Any CPU
		Release|Any CPU = Release|Any CPU
	EndGlobalSection
	GlobalSection(ProjectConfigurationPlatforms) = postSolution
		{A4B09C04-DBB7-4E4E-9756-4650181928A5}.Debug|Any CPU.ActiveCfg = Debug|Any CPU
		{A4B09C04-DBB7-4E4E-9756-4650181928A5}.Debug|Any CPU.Build.0 = Debug|Any CPU
		{A4B09C04-DBB7-4E4E-9756-4650181928A5}.Release|Any CPU.ActiveCfg = Release|Any CPU
		{A4B09C04-DBB7-4E4E-9756-4650181928A5}.Release|Any CPU.Build.0 = Release|Any CPU
		{007826FA-E0B5-44D1-A5A4-F5CE6A7A9C6F}.Debug|Any CPU.ActiveCfg = Debug|Any CPU
		{007826FA-E0B5-44D1-A5A4-F5CE6A7A9C6F}.Debug|Any CPU.Build.0 = Debug|Any CPU
		{007826FA-E0B5-44D1-A5A4-F5CE6A7A9C6F}.Release|Any CPU.ActiveCfg = Release|Any CPU
		{007826FA-E0B5-44D1-A5A4-F5CE6A7A9C6F}.Release|Any CPU.Build.0 = Release|Any CPU
	EndGlobalSection
	GlobalSection(SolutionProperties) = preSolution
		HideSolutionNode = FALSE
	EndGlobalSection
EndGlobal
